
Microsoft Visual Studio Solution File, Format Version 12.00
# Visual Studio Version 16
VisualStudioVersion = 16.0.30128.74
MinimumVisualStudioVersion = 10.0.40219.1
Project("{9092AA53-FB77-4645-B42D-1CCCA6BD08BD}") = "Portfolio", "Portfolio\Portfolio.njsproj", "{F3A837EC-DEFF-4571-919C-4684784EE33D}"
EndProject
Global
	GlobalSection(SolutionConfigurationPlatforms) = preSolution
		Debug|Any CPU = Debug|Any CPU
		Release|Any CPU = Release|Any CPU
	EndGlobalSection
	GlobalSection(ProjectConfigurationPlatforms) = postSolution
		{F3A837EC-DEFF-4571-919C-4684784EE33D}.Debug|Any CPU.ActiveCfg = Debug|Any CPU
		{F3A837EC-DEFF-4571-919C-4684784EE33D}.Debug|Any CPU.Build.0 = Debug|Any CPU
		{F3A837EC-DEFF-4571-919C-4684784EE33D}.Release|Any CPU.ActiveCfg = Release|Any CPU
		{F3A837EC-DEFF-4571-919C-4684784EE33D}.Release|Any CPU.Build.0 = Release|Any CPU
	EndGlobalSection
	GlobalSection(SolutionProperties) = preSolution
		HideSolutionNode = FALSE
	EndGlobalSection
	GlobalSection(ExtensibilityGlobals) = postSolution
		SolutionGuid = {EA5080D5-AA1D-4BB0-8CD1-BF2004BFCDFB}
	EndGlobalSection
EndGlobal
